{
  "version": 4,
  "terraform_version": "1.12.2",
  "serial": 15,
  "lineage": "8bc6369e-2db5-2ca6-21cd-8b6f735d596a",
  "outputs": {
    "file_content": {
      "value": "Hello, Prod!",
      "type": "string"
    }
  },
  "resources": [
    {
      "module": "module.my_file",
      "mode": "managed",
      "type": "local_file",
      "name": "hello_file",
      "provider": "provider[\"registry.terraform.io/hashicorp/local\"]",
      "instances": [
        {
          "schema_version": 0,
          "attributes": {
            "content": "Hello, Prod!",
            "content_base64": null,
            "content_base64sha256": "MKG8uO68Fw5spQCxsu72NOLEV5dM1hRknLFTGio5MRA=",
            "content_base64sha512": "Ein9ypeOgfbRw7p/xIPiCsvKhC2ni+RrVG5aIHjdNky4gJ5zJxa8jw0I7/LduUt/RnLcRMskrnQZbCJIQEqDBw==",
            "content_md5": "3d6badef57512e67d7e56e4525f56526",
            "content_sha1": "1219e99da8f186ef4099dc628facbbaca0fdcedc",
            "content_sha256": "30a1bcb8eebc170e6ca500b1b2eef634e2c457974cd614649cb1531a2a393110",
            "content_sha512": "1229fdca978e81f6d1c3ba7fc483e20acbca842da78be46b546e5a2078dd364cb8809e732716bc8f0d08eff2ddb94b7f4672dc44cb24ae74196c2248404a8307",
            "directory_permission": "0777",
            "file_permission": "0777",
            "filename": "./../../hello.txt",
            "id": "1219e99da8f186ef4099dc628facbbaca0fdcedc",
            "sensitive_content": null,
            "source": null
          },
          "sensitive_attributes": [
            [
              {
                "type": "get_attr",
                "value": "sensitive_content"
              }
            ]
          ],
          "identity_schema_version": 0
        }
      ]
    }
  ],
  "check_results": null
}
