{
  "version": 4,
  "terraform_version": "1.12.2",
  "serial": 5,
  "lineage": "8bc6369e-2db5-2ca6-21cd-8b6f735d596a",
  "outputs": {},
  "resources": [
    {
      "module": "module.my_file",
      "mode": "managed",
      "type": "local_file",
      "name": "hello_file",
      "provider": "provider[\"registry.terraform.io/hashicorp/local\"]",
      "instances": [
        {
          "schema_version": 0,
          "attributes": {
            "content": "Hello, Dev!",
            "content_base64": null,
            "content_base64sha256": "nUIvdwS97pqP4X78krKlYq+u33qf813ZVLLBsHM0h4I=",
            "content_base64sha512": "rXOK6LN+fely5Eawu55NAOdSBZ842tllFE1+myV5xzFOU/BR2m65inSknKlvMbPpqYMHYhjn6G7tfjkzLY8vhw==",
            "content_md5": "bb0a18fd12fcf2fcb299d077cfd42c8b",
            "content_sha1": "b717201471d7977013b8749942524035039776d0",
            "content_sha256": "9d422f7704bdee9a8fe17efc92b2a562afaedf7a9ff35dd954b2c1b073348782",
            "content_sha512": "ad738ae8b37e7de972e446b0bb9e4d00e752059f38dad965144d7e9b2579c7314e53f051da6eb98a74a49ca96f31b3e9a983076218e7e86eed7e39332d8f2f87",
            "directory_permission": "0777",
            "file_permission": "0777",
            "filename": "./../../hello.txt",
            "id": "b717201471d7977013b8749942524035039776d0",
            "sensitive_content": null,
            "source": null
          },
          "sensitive_attributes": [
            [
              {
                "type": "get_attr",
                "value": "sensitive_content"
              }
            ]
          ],
          "identity_schema_version": 0
        }
      ]
    }
  ],
  "check_results": null
}
