{
  "version": 4,
  "terraform_version": "1.12.2",
  "serial": 18,
  "lineage": "8bc6369e-2db5-2ca6-21cd-8b6f735d596a",
  "outputs": {
    "file_content": {
      "value": "Hiii",
      "type": "string"
    }
  },
  "resources": [
    {
      "module": "module.my_file",
      "mode": "managed",
      "type": "local_file",
      "name": "hello_file",
      "provider": "provider[\"registry.terraform.io/hashicorp/local\"]",
      "instances": [
        {
          "schema_version": 0,
          "attributes": {
            "content": "Hello, Prodddddd!",
            "content_base64": null,
            "content_base64sha256": "p3vQyS9MQAgcP279c1LIDFHoOQufLNnhP8t0S9RaahM=",
            "content_base64sha512": "HyFVysJ1Vs3Ydb86Q7hdjIePvobf/4DQxZ2qfx9wJdq54J96kcwq9Lr0C/Vua9+wFZlQsDO8dzQNxTjCPx8xUA==",
            "content_md5": "54401f6da03fca0b93d1ad65336d1467",
            "content_sha1": "11b667091d282c76517069261cacbab39ffe5879",
            "content_sha256": "a77bd0c92f4c40081c3f6efd7352c80c51e8390b9f2cd9e13fcb744bd45a6a13",
            "content_sha512": "1f2155cac27556cdd875bf3a43b85d8c878fbe86dfff80d0c59daa7f1f7025dab9e09f7a91cc2af4baf40bf56e6bdfb0159950b033bc77340dc538c23f1f3150",
            "directory_permission": "0777",
            "file_permission": "0777",
            "filename": "./../../hello.txt",
            "id": "11b667091d282c76517069261cacbab39ffe5879",
            "sensitive_content": null,
            "source": null
          },
          "sensitive_attributes": [
            [
              {
                "type": "get_attr",
                "value": "sensitive_content"
              }
            ]
          ],
          "identity_schema_version": 0
        }
      ]
    }
  ],
  "check_results": null
}
